# This file was autogenerated by Stack.
# You should not edit this file by hand.
# For more information, please see the documentation at:
#   https://docs.haskellstack.org/en/stable/lock_files

packages: []
snapshots:
- completed:
    size: 568097
    url: https://raw.githubusercontent.com/commercialhaskell/stackage-snapshots/master/nightly/2021/7/29.yaml
    sha256: d346ad9d97b6e115b21f21a704bff054f2a8e099208b16ce1fa211b84cc12700
  original: nightly-2021-07-29
